
Microsoft Visual Studio Solution File, Format Version 12.00
# Visual Studio Version 17
VisualStudioVersion = 17.4.33110.190
MinimumVisualStudioVersion = 10.0.40219.1
Project("{FAE04EC0-301F-11D3-BF4B-00C04F79EFBC}") = "CNPMNC_Nhom11", "CNPMNC_Nhom11\CNPMNC_Nhom11.csproj", "{3D8CC63B-6CAA-44AA-B987-35CED0B7CE38}"
EndProject
Global
	GlobalSection(SolutionConfigurationPlatforms) = preSolution
		Debug|Any CPU = Debug|Any CPU
		Release|Any CPU = Release|Any CPU
	EndGlobalSection
	GlobalSection(ProjectConfigurationPlatforms) = postSolution
		{3D8CC63B-6CAA-44AA-B987-35CED0B7CE38}.Debug|Any CPU.ActiveCfg = Debug|Any CPU
		{3D8CC63B-6CAA-44AA-B987-35CED0B7CE38}.Debug|Any CPU.Build.0 = Debug|Any CPU
		{3D8CC63B-6CAA-44AA-B987-35CED0B7CE38}.Release|Any CPU.ActiveCfg = Release|Any CPU
		{3D8CC63B-6CAA-44AA-B987-35CED0B7CE38}.Release|Any CPU.Build.0 = Release|Any CPU
	EndGlobalSection
	GlobalSection(SolutionProperties) = preSolution
		HideSolutionNode = FALSE
	EndGlobalSection
	GlobalSection(ExtensibilityGlobals) = postSolution
		SolutionGuid = {31A624F9-EB32-47E7-9059-142EC4B3B80A}
	EndGlobalSection
EndGlobal
